<?xml version="1.0" encoding="utf-8"?>
<Project ToolsVersion="4.0" xmlns="http://schemas.microsoft.com/developer/msbuild/2003">
  <ItemGroup>
    <Filter Include="KamataEngine">
      <UniqueIdentifier>{4FC737F1-C7A5-4376-A066-2A32D752A2FF}</UniqueIdentifier>
      <Extensions>cpp;c;cc;cxx;c++;cppm;ixx;def;odl;idl;hpj;bat;asm;asmx</Extensions>
    </Filter>
    <Filter Include="KamataEngine\Source">
      <UniqueIdentifier>{d966e9f8-e880-44ae-8586-a08515e4cffc}</UniqueIdentifier>
    </Filter>
    <Filter Include="KamataEngine\Include">
      <UniqueIdentifier>{4aae4e40-94f7-4d32-9a91-c0c37a2edf0d}</UniqueIdentifier>
    </Filter>
    <Filter Include="KamataEngine\Adapter">
      <UniqueIdentifier>{c6468eb4-788b-4a83-b207-a5f4804e56c5}</UniqueIdentifier>
    </Filter>
    <Filter Include="Game">
      <UniqueIdentifier>{9321402b-28c6-46c1-ba0b-4a8e7c3c0040}</UniqueIdentifier>
    </Filter>
    <Filter Include="Static">
      <UniqueIdentifier>{f8132e7e-a263-41ab-96b6-9bb595270302}</UniqueIdentifier>
    </Filter>
    <Filter Include="Scene">
      <UniqueIdentifier>{7b3599f4-5ed7-4ca5-8fdf-39d097b28fd7}</UniqueIdentifier>
    </Filter>
    <Filter Include="Module">
      <UniqueIdentifier>{a247187c-b754-4a36-97a6-a325eeba0231}</UniqueIdentifier>
    </Filter>
    <Filter Include="Module\Effect">
      <UniqueIdentifier>{7a35e437-d509-493f-961b-7030470e7581}</UniqueIdentifier>
    </Filter>
    <Filter Include="Module\Field">
      <UniqueIdentifier>{92568748-3be0-40e0-8c1e-29d6799a1d73}</UniqueIdentifier>
    </Filter>
    <Filter Include="Module\Obj">
      <UniqueIdentifier>{a91c8cb9-c1d8-4d93-b145-395ea8d06d09}</UniqueIdentifier>
    </Filter>
    <Filter Include="Module\Map">
      <UniqueIdentifier>{7425941c-cec8-4f1c-a007-5cfc2c8fc0db}</UniqueIdentifier>
    </Filter>
    <Filter Include="Module\Ballet">
      <UniqueIdentifier>{0cc464ff-f6e1-4b68-8c1e-47ef918f6dc7}</UniqueIdentifier>
    </Filter>
  </ItemGroup>
  <ItemGroup>
    <ClCompile Include="C:\KamataEngine\DirectXGame\base\DirectXCommon.cpp">
      <Filter>KamataEngine\Source</Filter>
    </ClCompile>
    <ClCompile Include="C:\KamataEngine\DirectXGame\scene\GameScene.cpp">
      <Filter>KamataEngine\Source</Filter>
    </ClCompile>
    <ClCompile Include="C:\KamataEngine\DirectXGame\base\TextureManager.cpp">
      <Filter>KamataEngine\Source</Filter>
    </ClCompile>
    <ClCompile Include="C:\KamataEngine\DirectXGame\base\WinApp.cpp">
      <Filter>KamataEngine\Source</Filter>
    </ClCompile>
    <ClCompile Include="C:\KamataEngine\Adapter\Novice.cpp">
      <Filter>KamataEngine\Adapter</Filter>
    </ClCompile>
    <ClCompile Include="Game.cpp">
      <Filter>Game</Filter>
    </ClCompile>
    <ClCompile Include="Camera.cpp">
      <Filter>Static</Filter>
    </ClCompile>
    <ClCompile Include="Delta.cpp">
      <Filter>Static</Filter>
    </ClCompile>
    <ClCompile Include="KeyMouseInput.cpp">
      <Filter>Static</Filter>
    </ClCompile>
    <ClCompile Include="MyFunc.cpp">
      <Filter>Static</Filter>
    </ClCompile>
    <ClCompile Include="Quad.cpp">
      <Filter>Static</Filter>
    </ClCompile>
    <ClCompile Include="Screen.cpp">
      <Filter>Static</Filter>
    </ClCompile>
    <ClCompile Include="Sound.cpp">
      <Filter>Static</Filter>
    </ClCompile>
    <ClCompile Include="Texture.cpp">
      <Filter>Static</Filter>
    </ClCompile>
    <ClCompile Include="Vector2D.cpp">
      <Filter>Static</Filter>
    </ClCompile>
    <ClCompile Include="BaseScene.cpp">
      <Filter>Scene</Filter>
    </ClCompile>
    <ClCompile Include="InGameScene.cpp">
      <Filter>Scene</Filter>
    </ClCompile>
    <ClCompile Include="LoadScene.cpp">
      <Filter>Scene</Filter>
    </ClCompile>
    <ClCompile Include="GameObject.cpp">
      <Filter>Game</Filter>
    </ClCompile>
    <ClCompile Include="Datas.cpp">
      <Filter>Game</Filter>
    </ClCompile>
    <ClCompile Include="main.cpp">
      <Filter>Game</Filter>
    </ClCompile>
    <ClCompile Include="EffectManager.cpp">
      <Filter>Module\Effect</Filter>
    </ClCompile>
    <ClCompile Include="HitEffect.cpp">
      <Filter>Module\Effect</Filter>
    </ClCompile>
    <ClCompile Include="FieldManager.cpp">
      <Filter>Module\Field</Filter>
    </ClCompile>
    <ClCompile Include="BaseEffect.cpp">
      <Filter>Module\Effect</Filter>
    </ClCompile>
    <ClCompile Include="BaseField.cpp">
      <Filter>Module\Field</Filter>
    </ClCompile>
    <ClCompile Include="ControllerInput.cpp">
      <Filter>Static</Filter>
    </ClCompile>
    <ClCompile Include="Obj.cpp">
      <Filter>Module\Obj</Filter>
    </ClCompile>
    <ClCompile Include="Player.cpp">
      <Filter>Module\Obj</Filter>
    </ClCompile>
    <ClCompile Include="Enemy.cpp">
      <Filter>Module\Obj</Filter>
    </ClCompile>
    <ClCompile Include="Boss.cpp">
      <Filter>Module\Obj</Filter>
    </ClCompile>
    <ClCompile Include="Gauntlets.cpp">
      <Filter>Module\Obj</Filter>
    </ClCompile>
    <ClCompile Include="Easing.cpp">
      <Filter>Static</Filter>
    </ClCompile>
    <ClCompile Include="Map.cpp">
      <Filter>Module\Map</Filter>
    </ClCompile>
    <ClCompile Include="BulletManager.cpp">
      <Filter>Module\Ballet</Filter>
    </ClCompile>
    <ClCompile Include="BaseBullet.cpp">
      <Filter>Module\Ballet</Filter>
    </ClCompile>
  </ItemGroup>
  <ItemGroup>
    <ClInclude Include="C:\KamataEngine\DirectXGame\audio\Audio.h">
      <Filter>KamataEngine\Include</Filter>
    </ClInclude>
    <ClInclude Include="C:\KamataEngine\DirectXGame\2d\DebugText.h">
      <Filter>KamataEngine\Include</Filter>
    </ClInclude>
    <ClInclude Include="C:\KamataEngine\DirectXGame\base\DirectXCommon.h">
      <Filter>KamataEngine\Include</Filter>
    </ClInclude>
    <ClInclude Include="C:\KamataEngine\DirectXGame\scene\GameScene.h">
      <Filter>KamataEngine\Include</Filter>
    </ClInclude>
    <ClInclude Include="C:\KamataEngine\DirectXGame\input\Input.h">
      <Filter>KamataEngine\Include</Filter>
    </ClInclude>
    <ClInclude Include="C:\KamataEngine\DirectXGame\3d\Model.h">
      <Filter>KamataEngine\Include</Filter>
    </ClInclude>
    <ClInclude Include="C:\KamataEngine\DirectXGame\base\SafeDelete.h">
      <Filter>KamataEngine\Include</Filter>
    </ClInclude>
    <ClInclude Include="C:\KamataEngine\DirectXGame\2d\Sprite.h">
      <Filter>KamataEngine\Include</Filter>
    </ClInclude>
    <ClInclude Include="C:\KamataEngine\DirectXGame\base\TextureManager.h">
      <Filter>KamataEngine\Include</Filter>
    </ClInclude>
    <ClInclude Include="C:\KamataEngine\DirectXGame\3d\ViewProjection.h">
      <Filter>KamataEngine\Include</Filter>
    </ClInclude>
    <ClInclude Include="C:\KamataEngine\DirectXGame\base\WinApp.h">
      <Filter>KamataEngine\Include</Filter>
    </ClInclude>
    <ClInclude Include="C:\KamataEngine\DirectXGame\3d\WorldTransform.h">
      <Filter>KamataEngine\Include</Filter>
    </ClInclude>
    <ClInclude Include="C:\KamataEngine\Adapter\Novice.h">
      <Filter>KamataEngine\Adapter</Filter>
    </ClInclude>
    <ClInclude Include="C:\KamataEngine\DirectXGame\3d\CircleShadow.h">
      <Filter>KamataEngine\Include</Filter>
    </ClInclude>
    <ClInclude Include="C:\KamataEngine\DirectXGame\3d\DebugCamera.h">
      <Filter>KamataEngine\Include</Filter>
    </ClInclude>
    <ClInclude Include="C:\KamataEngine\DirectXGame\3d\DirectionalLight.h">
      <Filter>KamataEngine\Include</Filter>
    </ClInclude>
    <ClInclude Include="C:\KamataEngine\DirectXGame\3d\LightGroup.h">
      <Filter>KamataEngine\Include</Filter>
    </ClInclude>
    <ClInclude Include="C:\KamataEngine\DirectXGame\3d\Material.h">
      <Filter>KamataEngine\Include</Filter>
    </ClInclude>
    <ClInclude Include="C:\KamataEngine\DirectXGame\3d\Mesh.h">
      <Filter>KamataEngine\Include</Filter>
    </ClInclude>
    <ClInclude Include="C:\KamataEngine\DirectXGame\3d\PointLight.h">
      <Filter>KamataEngine\Include</Filter>
    </ClInclude>
    <ClInclude Include="C:\KamataEngine\DirectXGame\3d\SpotLight.h">
      <Filter>KamataEngine\Include</Filter>
    </ClInclude>
    <ClInclude Include="..\DirectXGame\math\MathUtility.h">
      <Filter>KamataEngine\Include</Filter>
    </ClInclude>
    <ClInclude Include="..\DirectXGame\math\Matrix4.h">
      <Filter>KamataEngine\Include</Filter>
    </ClInclude>
    <ClInclude Include="..\DirectXGame\math\Vector2.h">
      <Filter>KamataEngine\Include</Filter>
    </ClInclude>
    <ClInclude Include="..\DirectXGame\math\Vector3.h">
      <Filter>KamataEngine\Include</Filter>
    </ClInclude>
    <ClInclude Include="..\DirectXGame\math\Vector4.h">
      <Filter>KamataEngine\Include</Filter>
    </ClInclude>
    <ClInclude Include="Game.h">
      <Filter>Game</Filter>
    </ClInclude>
    <ClInclude Include="Camera.h">
      <Filter>Static</Filter>
    </ClInclude>
    <ClInclude Include="Delta.h">
      <Filter>Static</Filter>
    </ClInclude>
    <ClInclude Include="KeyMouseInput.h">
      <Filter>Static</Filter>
    </ClInclude>
    <ClInclude Include="MyFunc.h">
      <Filter>Static</Filter>
    </ClInclude>
    <ClInclude Include="Quad.h">
      <Filter>Static</Filter>
    </ClInclude>
    <ClInclude Include="Screen.h">
      <Filter>Static</Filter>
    </ClInclude>
    <ClInclude Include="Sound.h">
      <Filter>Static</Filter>
    </ClInclude>
    <ClInclude Include="Texture.h">
      <Filter>Static</Filter>
    </ClInclude>
    <ClInclude Include="Vector2D.h">
      <Filter>Static</Filter>
    </ClInclude>
    <ClInclude Include="BaseScene.h">
      <Filter>Scene</Filter>
    </ClInclude>
    <ClInclude Include="InGameScene.h">
      <Filter>Scene</Filter>
    </ClInclude>
    <ClInclude Include="LoadScene.h">
      <Filter>Scene</Filter>
    </ClInclude>
    <ClInclude Include="GameObject.h">
      <Filter>Game</Filter>
    </ClInclude>
    <ClInclude Include="Datas.h">
      <Filter>Game</Filter>
    </ClInclude>
    <ClInclude Include="EffectManager.h">
      <Filter>Module\Effect</Filter>
    </ClInclude>
    <ClInclude Include="BaseEffect.h">
      <Filter>Module\Effect</Filter>
    </ClInclude>
    <ClInclude Include="HitEffect.h">
      <Filter>Module\Effect</Filter>
    </ClInclude>
    <ClInclude Include="FieldManager.h">
      <Filter>Module\Field</Filter>
    </ClInclude>
    <ClInclude Include="BaseField.h">
      <Filter>Module\Field</Filter>
    </ClInclude>
    <ClInclude Include="Lerp.h">
      <Filter>Static</Filter>
    </ClInclude>
    <ClInclude Include="ControllerInput.h">
      <Filter>Static</Filter>
    </ClInclude>
    <ClInclude Include="Obj.h">
      <Filter>Module\Obj</Filter>
    </ClInclude>
    <ClInclude Include="Player.h">
      <Filter>Module\Obj</Filter>
    </ClInclude>
    <ClInclude Include="Enemy.h">
      <Filter>Module\Obj</Filter>
    </ClInclude>
    <ClInclude Include="Boss.h">
      <Filter>Module\Obj</Filter>
    </ClInclude>
    <ClInclude Include="Gauntlets.h">
      <Filter>Module\Obj</Filter>
    </ClInclude>
    <ClInclude Include="Easing.h">
      <Filter>Static</Filter>
    </ClInclude>
    <ClInclude Include="Map.h">
      <Filter>Module\Map</Filter>
    </ClInclude>
    <ClInclude Include="BulletManager.h">
      <Filter>Module\Ballet</Filter>
    </ClInclude>
    <ClInclude Include="BaseBullet.h">
      <Filter>Module\Ballet</Filter>
    </ClInclude>
  </ItemGroup>
</Project>